// !$*UTF8*$!
{
	archiveVersion = 1;
	classes = {
	};
	objectVersion = 46;
	objects = {

/* Begin PBXBuildFile section */
		2838D42F195B325100B28F8E /* PJRAddressBook.m in Sources */ = {isa = PBXBuildFile; fileRef = 2838D42C195B325100B28F8E /* PJRAddressBook.m */; };
		2838D430195B325100B28F8E /* PJRPersonContact.m in Sources */ = {isa = PBXBuildFile; fileRef = 2838D42E195B325100B28F8E /* PJRPersonContact.m */; };
		28568D3F194619A1000BCBDF /* Foundation.framework in Frameworks */ = {isa = PBXBuildFile; fileRef = 28568D3E194619A1000BCBDF /* Foundation.framework */; };
		28568D41194619A1000BCBDF /* CoreGraphics.framework in Frameworks */ = {isa = PBXBuildFile; fileRef = 28568D40194619A1000BCBDF /* CoreGraphics.framework */; };
		28568D43194619A1000BCBDF /* UIKit.framework in Frameworks */ = {isa = PBXBuildFile; fileRef = 28568D42194619A1000BCBDF /* UIKit.framework */; };
		28568D49194619A1000BCBDF /* InfoPlist.strings in Resources */ = {isa = PBXBuildFile; fileRef = 28568D47194619A1000BCBDF /* InfoPlist.strings */; };
		28568D4B194619A1000BCBDF /* main.m in Sources */ = {isa = PBXBuildFile; fileRef = 28568D4A194619A1000BCBDF /* main.m */; };
		28568D4F194619A1000BCBDF /* AppDelegate.m in Sources */ = {isa = PBXBuildFile; fileRef = 28568D4E194619A1000BCBDF /* AppDelegate.m */; };
		28568D51194619A1000BCBDF /* Images.xcassets in Resources */ = {isa = PBXBuildFile; fileRef = 28568D50194619A1000BCBDF /* Images.xcassets */; };
		28568D58194619A1000BCBDF /* XCTest.framework in Frameworks */ = {isa = PBXBuildFile; fileRef = 28568D57194619A1000BCBDF /* XCTest.framework */; };
		28568D59194619A1000BCBDF /* Foundation.framework in Frameworks */ = {isa = PBXBuildFile; fileRef = 28568D3E194619A1000BCBDF /* Foundation.framework */; };
		28568D5A194619A1000BCBDF /* UIKit.framework in Frameworks */ = {isa = PBXBuildFile; fileRef = 28568D42194619A1000BCBDF /* UIKit.framework */; };
		28568D62194619A1000BCBDF /* InfoPlist.strings in Resources */ = {isa = PBXBuildFile; fileRef = 28568D60194619A1000BCBDF /* InfoPlist.strings */; };
		28568D64194619A1000BCBDF /* PJRAddressBookTests.m in Sources */ = {isa = PBXBuildFile; fileRef = 28568D63194619A1000BCBDF /* PJRAddressBookTests.m */; };
		28568D7019461A17000BCBDF /* ExampleViewController.m in Sources */ = {isa = PBXBuildFile; fileRef = 28568D6E19461A17000BCBDF /* ExampleViewController.m */; };
		28568D7119461A17000BCBDF /* ExampleViewController.xib in Resources */ = {isa = PBXBuildFile; fileRef = 28568D6F19461A17000BCBDF /* ExampleViewController.xib */; };
/* End PBXBuildFile section */

/* Begin PBXContainerItemProxy section */
		28568D5B194619A1000BCBDF /* PBXContainerItemProxy */ = {
			isa = PBXContainerItemProxy;
			containerPortal = 28568D33194619A1000BCBDF /* Project object */;
			proxyType = 1;
			remoteGlobalIDString = 28568D3A194619A1000BCBDF;
			remoteInfo = PJRAddressBook;
		};
/* End PBXContainerItemProxy section */

/* Begin PBXFileReference section */
		2838D42B195B325100B28F8E /* PJRAddressBook.h */ = {isa = PBXFileReference; fileEncoding = 4; lastKnownFileType = sourcecode.c.h; path = PJRAddressBook.h; sourceTree = "<group>"; };
		2838D42C195B325100B28F8E /* PJRAddressBook.m */ = {isa = PBXFileReference; fileEncoding = 4; lastKnownFileType = sourcecode.c.objc; path = PJRAddressBook.m; sourceTree = "<group>"; };
		2838D42D195B325100B28F8E /* PJRPersonContact.h */ = {isa = PBXFileReference; fileEncoding = 4; lastKnownFileType = sourcecode.c.h; path = PJRPersonContact.h; sourceTree = "<group>"; };
		2838D42E195B325100B28F8E /* PJRPersonContact.m */ = {isa = PBXFileReference; fileEncoding = 4; lastKnownFileType = sourcecode.c.objc; path = PJRPersonContact.m; sourceTree = "<group>"; };
		28568D3B194619A1000BCBDF /* PJRAddressBook.app */ = {isa = PBXFileReference; explicitFileType = wrapper.application; includeInIndex = 0; path = PJRAddressBook.app; sourceTree = BUILT_PRODUCTS_DIR; };
		28568D3E194619A1000BCBDF /* Foundation.framework */ = {isa = PBXFileReference; lastKnownFileType = wrapper.framework; name = Foundation.framework; path = System/Library/Frameworks/Foundation.framework; sourceTree = SDKROOT; };
		28568D40194619A1000BCBDF /* CoreGraphics.framework */ = {isa = PBXFileReference; lastKnownFileType = wrapper.framework; name = CoreGraphics.framework; path = System/Library/Frameworks/CoreGraphics.framework; sourceTree = SDKROOT; };
		28568D42194619A1000BCBDF /* UIKit.framework */ = {isa = PBXFileReference; lastKnownFileType = wrapper.framework; name = UIKit.framework; path = System/Library/Frameworks/UIKit.framework; sourceTree = SDKROOT; };
		28568D46194619A1000BCBDF /* PJRAddressBook-Info.plist */ = {isa = PBXFileReference; lastKnownFileType = text.plist.xml; path = "PJRAddressBook-Info.plist"; sourceTree = "<group>"; };
		28568D48194619A1000BCBDF /* en */ = {isa = PBXFileReference; lastKnownFileType = text.plist.strings; name = en; path = en.lproj/InfoPlist.strings; sourceTree = "<group>"; };
		28568D4A194619A1000BCBDF /* main.m */ = {isa = PBXFileReference; lastKnownFileType = sourcecode.c.objc; path = main.m; sourceTree = "<group>"; };
		28568D4C194619A1000BCBDF /* PJRAddressBook-Prefix.pch */ = {isa = PBXFileReference; lastKnownFileType = sourcecode.c.h; path = "PJRAddressBook-Prefix.pch"; sourceTree = "<group>"; };
		28568D4D194619A1000BCBDF /* AppDelegate.h */ = {isa = PBXFileReference; lastKnownFileType = sourcecode.c.h; path = AppDelegate.h; sourceTree = "<group>"; };
		28568D4E194619A1000BCBDF /* AppDelegate.m */ = {isa = PBXFileReference; lastKnownFileType = sourcecode.c.objc; path = AppDelegate.m; sourceTree = "<group>"; };
		28568D50194619A1000BCBDF /* Images.xcassets */ = {isa = PBXFileReference; lastKnownFileType = folder.assetcatalog; path = Images.xcassets; sourceTree = "<group>"; };
		28568D56194619A1000BCBDF /* PJRAddressBookTests.xctest */ = {isa = PBXFileReference; explicitFileType = wrapper.cfbundle; includeInIndex = 0; path = PJRAddressBookTests.xctest; sourceTree = BUILT_PRODUCTS_DIR; };
		28568D57194619A1000BCBDF /* XCTest.framework */ = {isa = PBXFileReference; lastKnownFileType = wrapper.framework; name = XCTest.framework; path = Library/Frameworks/XCTest.framework; sourceTree = DEVELOPER_DIR; };
		28568D5F194619A1000BCBDF /* PJRAddressBookTests-Info.plist */ = {isa = PBXFileReference; lastKnownFileType = text.plist.xml; path = "PJRAddressBookTests-Info.plist"; sourceTree = "<group>"; };
		28568D61194619A1000BCBDF /* en */ = {isa = PBXFileReference; lastKnownFileType = text.plist.strings; name = en; path = en.lproj/InfoPlist.strings; sourceTree = "<group>"; };
		28568D63194619A1000BCBDF /* PJRAddressBookTests.m */ = {isa = PBXFileReference; lastKnownFileType = sourcecode.c.objc; path = PJRAddressBookTests.m; sourceTree = "<group>"; };
		28568D6D19461A17000BCBDF /* ExampleViewController.h */ = {isa = PBXFileReference; fileEncoding = 4; lastKnownFileType = sourcecode.c.h; path = ExampleViewController.h; sourceTree = "<group>"; };
		28568D6E19461A17000BCBDF /* ExampleViewController.m */ = {isa = PBXFileReference; fileEncoding = 4; lastKnownFileType = sourcecode.c.objc; path = ExampleViewController.m; sourceTree = "<group>"; };
		28568D6F19461A17000BCBDF /* ExampleViewController.xib */ = {isa = PBXFileReference; fileEncoding = 4; lastKnownFileType = file.xib; path = ExampleViewController.xib; sourceTree = "<group>"; };
/* End PBXFileReference section */

/* Begin PBXFrameworksBuildPhase section */
		28568D38194619A1000BCBDF /* Frameworks */ = {
			isa = PBXFrameworksBuildPhase;
			buildActionMask = 2147483647;
			files = (
				28568D41194619A1000BCBDF /* CoreGraphics.framework in Frameworks */,
				28568D43194619A1000BCBDF /* UIKit.framework in Frameworks */,
				28568D3F194619A1000BCBDF /* Foundation.framework in Frameworks */,
			);
			runOnlyForDeploymentPostprocessing = 0;
		};
		28568D53194619A1000BCBDF /* Frameworks */ = {
			isa = PBXFrameworksBuildPhase;
			buildActionMask = 2147483647;
			files = (
				28568D58194619A1000BCBDF /* XCTest.framework in Frameworks */,
				28568D5A194619A1000BCBDF /* UIKit.framework in Frameworks */,
				28568D59194619A1000BCBDF /* Foundation.framework in Frameworks */,
			);
			runOnlyForDeploymentPostprocessing = 0;
		};
/* End PBXFrameworksBuildPhase section */

/* Begin PBXGroup section */
		2838D42A195B325100B28F8E /* PJRAddresssbook */ = {
			isa = PBXGroup;
			children = (
				2838D42B195B325100B28F8E /* PJRAddressBook.h */,
				2838D42C195B325100B28F8E /* PJRAddressBook.m */,
				2838D42D195B325100B28F8E /* PJRPersonContact.h */,
				2838D42E195B325100B28F8E /* PJRPersonContact.m */,
			);
			path = PJRAddresssbook;
			sourceTree = "<group>";
		};
		28568D32194619A1000BCBDF = {
			isa = PBXGroup;
			children = (
				28568D44194619A1000BCBDF /* PJRAddressBook */,
				28568D5D194619A1000BCBDF /* PJRAddressBookTests */,
				28568D3D194619A1000BCBDF /* Frameworks */,
				28568D3C194619A1000BCBDF /* Products */,
			);
			sourceTree = "<group>";
		};
		28568D3C194619A1000BCBDF /* Products */ = {
			isa = PBXGroup;
			children = (
				28568D3B194619A1000BCBDF /* PJRAddressBook.app */,
				28568D56194619A1000BCBDF /* PJRAddressBookTests.xctest */,
			);
			name = Products;
			sourceTree = "<group>";
		};
		28568D3D194619A1000BCBDF /* Frameworks */ = {
			isa = PBXGroup;
			children = (
				28568D3E194619A1000BCBDF /* Foundation.framework */,
				28568D40194619A1000BCBDF /* CoreGraphics.framework */,
				28568D42194619A1000BCBDF /* UIKit.framework */,
				28568D57194619A1000BCBDF /* XCTest.framework */,
			);
			name = Frameworks;
			sourceTree = "<group>";
		};
		28568D44194619A1000BCBDF /* PJRAddressBook */ = {
			isa = PBXGroup;
			children = (
				2838D42A195B325100B28F8E /* PJRAddresssbook */,
				28568D4D194619A1000BCBDF /* AppDelegate.h */,
				28568D4E194619A1000BCBDF /* AppDelegate.m */,
				28568D6D19461A17000BCBDF /* ExampleViewController.h */,
				28568D6E19461A17000BCBDF /* ExampleViewController.m */,
				28568D6F19461A17000BCBDF /* ExampleViewController.xib */,
				28568D50194619A1000BCBDF /* Images.xcassets */,
				28568D45194619A1000BCBDF /* Supporting Files */,
			);
			path = PJRAddressBook;
			sourceTree = "<group>";
		};
		28568D45194619A1000BCBDF /* Supporting Files */ = {
			isa = PBXGroup;
			children = (
				28568D46194619A1000BCBDF /* PJRAddressBook-Info.plist */,
				28568D47194619A1000BCBDF /* InfoPlist.strings */,
				28568D4A194619A1000BCBDF /* main.m */,
				28568D4C194619A1000BCBDF /* PJRAddressBook-Prefix.pch */,
			);
			name = "Supporting Files";
			sourceTree = "<group>";
		};
		28568D5D194619A1000BCBDF /* PJRAddressBookTests */ = {
			isa = PBXGroup;
			children = (
				28568D63194619A1000BCBDF /* PJRAddressBookTests.m */,
				28568D5E194619A1000BCBDF /* Supporting Files */,
			);
			path = PJRAddressBookTests;
			sourceTree = "<group>";
		};
		28568D5E194619A1000BCBDF /* Supporting Files */ = {
			isa = PBXGroup;
			children = (
				28568D5F194619A1000BCBDF /* PJRAddressBookTests-Info.plist */,
				28568D60194619A1000BCBDF /* InfoPlist.strings */,
			);
			name = "Supporting Files";
			sourceTree = "<group>";
		};
/* End PBXGroup section */

/* Begin PBXNativeTarget section */
		28568D3A194619A1000BCBDF /* PJRAddressBook */ = {
			isa = PBXNativeTarget;
			buildConfigurationList = 28568D67194619A1000BCBDF /* Build configuration list for PBXNativeTarget "PJRAddressBook" */;
			buildPhases = (
				28568D37194619A1000BCBDF /* Sources */,
				28568D38194619A1000BCBDF /* Frameworks */,
				28568D39194619A1000BCBDF /* Resources */,
			);
			buildRules = (
			);
			dependencies = (
			);
			name = PJRAddressBook;
			productName = PJRAddressBook;
			productReference = 28568D3B194619A1000BCBDF /* PJRAddressBook.app */;
			productType = "com.apple.product-type.application";
		};
		28568D55194619A1000BCBDF /* PJRAddressBookTests */ = {
			isa = PBXNativeTarget;
			buildConfigurationList = 28568D6A194619A1000BCBDF /* Build configuration list for PBXNativeTarget "PJRAddressBookTests" */;
			buildPhases = (
				28568D52194619A1000BCBDF /* Sources */,
				28568D53194619A1000BCBDF /* Frameworks */,
				28568D54194619A1000BCBDF /* Resources */,
			);
			buildRules = (
			);
			dependencies = (
				28568D5C194619A1000BCBDF /* PBXTargetDependency */,
			);
			name = PJRAddressBookTests;
			productName = PJRAddressBookTests;
			productReference = 28568D56194619A1000BCBDF /* PJRAddressBookTests.xctest */;
			productType = "com.apple.product-type.bundle.unit-test";
		};
/* End PBXNativeTarget section */

/* Begin PBXProject section */
		28568D33194619A1000BCBDF /* Project object */ = {
			isa = PBXProject;
			attributes = {
				LastUpgradeCheck = 0510;
				ORGANIZATIONNAME = paritosh;
				TargetAttributes = {
					28568D55194619A1000BCBDF = {
						TestTargetID = 28568D3A194619A1000BCBDF;
					};
				};
			};
			buildConfigurationList = 28568D36194619A1000BCBDF /* Build configuration list for PBXProject "PJRAddressBook" */;
			compatibilityVersion = "Xcode 3.2";
			developmentRegion = English;
			hasScannedForEncodings = 0;
			knownRegions = (
				en,
			);
			mainGroup = 28568D32194619A1000BCBDF;
			productRefGroup = 28568D3C194619A1000BCBDF /* Products */;
			projectDirPath = "";
			projectRoot = "";
			targets = (
				28568D3A194619A1000BCBDF /* PJRAddressBook */,
				28568D55194619A1000BCBDF /* PJRAddressBookTests */,
			);
		};
/* End PBXProject section */

/* Begin PBXResourcesBuildPhase section */
		28568D39194619A1000BCBDF /* Resources */ = {
			isa = PBXResourcesBuildPhase;
			buildActionMask = 2147483647;
			files = (
				28568D49194619A1000BCBDF /* InfoPlist.strings in Resources */,
				28568D7119461A17000BCBDF /* ExampleViewController.xib in Resources */,
				28568D51194619A1000BCBDF /* Images.xcassets in Resources */,
			);
			runOnlyForDeploymentPostprocessing = 0;
		};
		28568D54194619A1000BCBDF /* Resources */ = {
			isa = PBXResourcesBuildPhase;
			buildActionMask = 2147483647;
			files = (
				28568D62194619A1000BCBDF /* InfoPlist.strings in Resources */,
			);
			runOnlyForDeploymentPostprocessing = 0;
		};
/* End PBXResourcesBuildPhase section */

/* Begin PBXSourcesBuildPhase section */
		28568D37194619A1000BCBDF /* Sources */ = {
			isa = PBXSourcesBuildPhase;
			buildActionMask = 2147483647;
			files = (
				2838D42F195B325100B28F8E /* PJRAddressBook.m in Sources */,
				28568D7019461A17000BCBDF /* ExampleViewController.m in Sources */,
				28568D4F194619A1000BCBDF /* AppDelegate.m in Sources */,
				28568D4B194619A1000BCBDF /* main.m in Sources */,
				2838D430195B325100B28F8E /* PJRPersonContact.m in Sources */,
			);
			runOnlyForDeploymentPostprocessing = 0;
		};
		28568D52194619A1000BCBDF /* Sources */ = {
			isa = PBXSourcesBuildPhase;
			buildActionMask = 2147483647;
			files = (
				28568D64194619A1000BCBDF /* PJRAddressBookTests.m in Sources */,
			);
			runOnlyForDeploymentPostprocessing = 0;
		};
/* End PBXSourcesBuildPhase section */

/* Begin PBXTargetDependency section */
		28568D5C194619A1000BCBDF /* PBXTargetDependency */ = {
			isa = PBXTargetDependency;
			target = 28568D3A194619A1000BCBDF /* PJRAddressBook */;
			targetProxy = 28568D5B194619A1000BCBDF /* PBXContainerItemProxy */;
		};
/* End PBXTargetDependency section */

/* Begin PBXVariantGroup section */
		28568D47194619A1000BCBDF /* InfoPlist.strings */ = {
			isa = PBXVariantGroup;
			children = (
				28568D48194619A1000BCBDF /* en */,
			);
			name = InfoPlist.strings;
			sourceTree = "<group>";
		};
		28568D60194619A1000BCBDF /* InfoPlist.strings */ = {
			isa = PBXVariantGroup;
			children = (
				28568D61194619A1000BCBDF /* en */,
			);
			name = InfoPlist.strings;
			sourceTree = "<group>";
		};
/* End PBXVariantGroup section */

/* Begin XCBuildConfiguration section */
		28568D65194619A1000BCBDF /* Debug */ = {
			isa = XCBuildConfiguration;
			buildSettings = {
				ALWAYS_SEARCH_USER_PATHS = NO;
				CLANG_CXX_LANGUAGE_STANDARD = "gnu++0x";
				CLANG_CXX_LIBRARY = "libc++";
				CLANG_ENABLE_MODULES = YES;
				CLANG_ENABLE_OBJC_ARC = YES;
				CLANG_WARN_BOOL_CONVERSION = YES;
				CLANG_WARN_CONSTANT_CONVERSION = YES;
				CLANG_WARN_DIRECT_OBJC_ISA_USAGE = YES_ERROR;
				CLANG_WARN_EMPTY_BODY = YES;
				CLANG_WARN_ENUM_CONVERSION = YES;
				CLANG_WARN_INT_CONVERSION = YES;
				CLANG_WARN_OBJC_ROOT_CLASS = YES_ERROR;
				CLANG_WARN__DUPLICATE_METHOD_MATCH = YES;
				"CODE_SIGN_IDENTITY[sdk=iphoneos*]" = "iPhone Developer";
				COPY_PHASE_STRIP = NO;
				GCC_C_LANGUAGE_STANDARD = gnu99;
				GCC_DYNAMIC_NO_PIC = NO;
				GCC_OPTIMIZATION_LEVEL = 0;
				GCC_PREPROCESSOR_DEFINITIONS = (
					"DEBUG=1",
					"$(inherited)",
				);
				GCC_SYMBOLS_PRIVATE_EXTERN = NO;
				GCC_WARN_64_TO_32_BIT_CONVERSION = YES;
				GCC_WARN_ABOUT_RETURN_TYPE = YES_ERROR;
				GCC_WARN_UNDECLARED_SELECTOR = YES;
				GCC_WARN_UNINITIALIZED_AUTOS = YES_AGGRESSIVE;
				GCC_WARN_UNUSED_FUNCTION = YES;
				GCC_WARN_UNUSED_VARIABLE = YES;
				IPHONEOS_DEPLOYMENT_TARGET = 7.1;
				ONLY_ACTIVE_ARCH = YES;
				SDKROOT = iphoneos;
			};
			name = Debug;
		};
		28568D66194619A1000BCBDF /* Release */ = {
			isa = XCBuildConfiguration;
			buildSettings = {
				ALWAYS_SEARCH_USER_PATHS = NO;
				CLANG_CXX_LANGUAGE_STANDARD = "gnu++0x";
				CLANG_CXX_LIBRARY = "libc++";
				CLANG_ENABLE_MODULES = YES;
				CLANG_ENABLE_OBJC_ARC = YES;
				CLANG_WARN_BOOL_CONVERSION = YES;
				CLANG_WARN_CONSTANT_CONVERSION = YES;
				CLANG_WARN_DIRECT_OBJC_ISA_USAGE = YES_ERROR;
				CLANG_WARN_EMPTY_BODY = YES;
				CLANG_WARN_ENUM_CONVERSION = YES;
				CLANG_WARN_INT_CONVERSION = YES;
				CLANG_WARN_OBJC_ROOT_CLASS = YES_ERROR;
				CLANG_WARN__DUPLICATE_METHOD_MATCH = YES;
				"CODE_SIGN_IDENTITY[sdk=iphoneos*]" = "iPhone Developer";
				COPY_PHASE_STRIP = YES;
				ENABLE_NS_ASSERTIONS = NO;
				GCC_C_LANGUAGE_STANDARD = gnu99;
				GCC_WARN_64_TO_32_BIT_CONVERSION = YES;
				GCC_WARN_ABOUT_RETURN_TYPE = YES_ERROR;
				GCC_WARN_UNDECLARED_SELECTOR = YES;
				GCC_WARN_UNINITIALIZED_AUTOS = YES_AGGRESSIVE;
				GCC_WARN_UNUSED_FUNCTION = YES;
				GCC_WARN_UNUSED_VARIABLE = YES;
				IPHONEOS_DEPLOYMENT_TARGET = 7.1;
				SDKROOT = iphoneos;
				VALIDATE_PRODUCT = YES;
			};
			name = Release;
		};
		28568D68194619A1000BCBDF /* Debug */ = {
			isa = XCBuildConfiguration;
			buildSettings = {
				ASSETCATALOG_COMPILER_APPICON_NAME = AppIcon;
				ASSETCATALOG_COMPILER_LAUNCHIMAGE_NAME = LaunchImage;
				GCC_PRECOMPILE_PREFIX_HEADER = YES;
				GCC_PREFIX_HEADER = "PJRAddressBook/PJRAddressBook-Prefix.pch";
				INFOPLIST_FILE = "PJRAddressBook/PJRAddressBook-Info.plist";
				PRODUCT_NAME = "$(TARGET_NAME)";
				WRAPPER_EXTENSION = app;
			};
			name = Debug;
		};
		28568D69194619A1000BCBDF /* Release */ = {
			isa = XCBuildConfiguration;
			buildSettings = {
				ASSETCATALOG_COMPILER_APPICON_NAME = AppIcon;
				ASSETCATALOG_COMPILER_LAUNCHIMAGE_NAME = LaunchImage;
				GCC_PRECOMPILE_PREFIX_HEADER = YES;
				GCC_PREFIX_HEADER = "PJRAddressBook/PJRAddressBook-Prefix.pch";
				INFOPLIST_FILE = "PJRAddressBook/PJRAddressBook-Info.plist";
				PRODUCT_NAME = "$(TARGET_NAME)";
				WRAPPER_EXTENSION = app;
			};
			name = Release;
		};
		28568D6B194619A1000BCBDF /* Debug */ = {
			isa = XCBuildConfiguration;
			buildSettings = {
				BUNDLE_LOADER = "$(BUILT_PRODUCTS_DIR)/PJRAddressBook.app/PJRAddressBook";
				FRAMEWORK_SEARCH_PATHS = (
					"$(SDKROOT)/Developer/Library/Frameworks",
					"$(inherited)",
					"$(DEVELOPER_FRAMEWORKS_DIR)",
				);
				GCC_PRECOMPILE_PREFIX_HEADER = YES;
				GCC_PREFIX_HEADER = "PJRAddressBook/PJRAddressBook-Prefix.pch";
				GCC_PREPROCESSOR_DEFINITIONS = (
					"DEBUG=1",
					"$(inherited)",
				);
				INFOPLIST_FILE = "PJRAddressBookTests/PJRAddressBookTests-Info.plist";
				PRODUCT_NAME = "$(TARGET_NAME)";
				TEST_HOST = "$(BUNDLE_LOADER)";
				WRAPPER_EXTENSION = xctest;
			};
			name = Debug;
		};
		28568D6C194619A1000BCBDF /* Release */ = {
			isa = XCBuildConfiguration;
			buildSettings = {
				BUNDLE_LOADER = "$(BUILT_PRODUCTS_DIR)/PJRAddressBook.app/PJRAddressBook";
				FRAMEWORK_SEARCH_PATHS = (
					"$(SDKROOT)/Developer/Library/Frameworks",
					"$(inherited)",
					"$(DEVELOPER_FRAMEWORKS_DIR)",
				);
				GCC_PRECOMPILE_PREFIX_HEADER = YES;
				GCC_PREFIX_HEADER = "PJRAddressBook/PJRAddressBook-Prefix.pch";
				INFOPLIST_FILE = "PJRAddressBookTests/PJRAddressBookTests-Info.plist";
				PRODUCT_NAME = "$(TARGET_NAME)";
				TEST_HOST = "$(BUNDLE_LOADER)";
				WRAPPER_EXTENSION = xctest;
			};
			name = Release;
		};
/* End XCBuildConfiguration section */

/* Begin XCConfigurationList section */
		28568D36194619A1000BCBDF /* Build configuration list for PBXProject "PJRAddressBook" */ = {
			isa = XCConfigurationList;
			buildConfigurations = (
				28568D65194619A1000BCBDF /* Debug */,
				28568D66194619A1000BCBDF /* Release */,
			);
			defaultConfigurationIsVisible = 0;
			defaultConfigurationName = Release;
		};
		28568D67194619A1000BCBDF /* Build configuration list for PBXNativeTarget "PJRAddressBook" */ = {
			isa = XCConfigurationList;
			buildConfigurations = (
				28568D68194619A1000BCBDF /* Debug */,
				28568D69194619A1000BCBDF /* Release */,
			);
			defaultConfigurationIsVisible = 0;
			defaultConfigurationName = Release;
		};
		28568D6A194619A1000BCBDF /* Build configuration list for PBXNativeTarget "PJRAddressBookTests" */ = {
			isa = XCConfigurationList;
			buildConfigurations = (
				28568D6B194619A1000BCBDF /* Debug */,
				28568D6C194619A1000BCBDF /* Release */,
			);
			defaultConfigurationIsVisible = 0;
			defaultConfigurationName = Release;
		};
/* End XCConfigurationList section */
	};
	rootObject = 28568D33194619A1000BCBDF /* Project object */;
}
